// !$*UTF8*$!
{
	archiveVersion = 1;
	classes = {
	};
	objectVersion = 55;
	objects = {

/* Begin PBXBuildFile section */
		CA3FB3E02886F171002CFF29 /* PosterViewController.swift in Sources */ = {isa = PBXBuildFile; fileRef = CA3FB3DF2886F171002CFF29 /* PosterViewController.swift */; };
		CA8898B52874B13F007E8CD5 /* AppDelegate.swift in Sources */ = {isa = PBXBuildFile; fileRef = CA8898B42874B13F007E8CD5 /* AppDelegate.swift */; };
		CA8898B72874B13F007E8CD5 /* SceneDelegate.swift in Sources */ = {isa = PBXBuildFile; fileRef = CA8898B62874B13F007E8CD5 /* SceneDelegate.swift */; };
		CA8898B92874B13F007E8CD5 /* FeaturedViewController.swift in Sources */ = {isa = PBXBuildFile; fileRef = CA8898B82874B13F007E8CD5 /* FeaturedViewController.swift */; };
		CA8898BC2874B13F007E8CD5 /* Main.storyboard in Resources */ = {isa = PBXBuildFile; fileRef = CA8898BA2874B13F007E8CD5 /* Main.storyboard */; };
		CA8898BE2874B141007E8CD5 /* Assets.xcassets in Resources */ = {isa = PBXBuildFile; fileRef = CA8898BD2874B141007E8CD5 /* Assets.xcassets */; };
		CA8898C12874B141007E8CD5 /* LaunchScreen.storyboard in Resources */ = {isa = PBXBuildFile; fileRef = CA8898BF2874B141007E8CD5 /* LaunchScreen.storyboard */; };
		CA983483287C980A00AC7278 /* PopularCollectionViewCell.swift in Sources */ = {isa = PBXBuildFile; fileRef = CA983482287C980A00AC7278 /* PopularCollectionViewCell.swift */; };
		CA983485287C984A00AC7278 /* NowPlayingCollectionViewCell.swift in Sources */ = {isa = PBXBuildFile; fileRef = CA983484287C984A00AC7278 /* NowPlayingCollectionViewCell.swift */; };
		CAB271AE287DEE4700A34035 /* Movie.swift in Sources */ = {isa = PBXBuildFile; fileRef = CAB271AD287DEE4700A34035 /* Movie.swift */; };
		CAB271BA287E145000A34035 /* FeaturedViewController+UICollectionViewDataSource.swift in Sources */ = {isa = PBXBuildFile; fileRef = CAB271B9287E145000A34035 /* FeaturedViewController+UICollectionViewDataSource.swift */; };
		CAB271BC287F3B5E00A34035 /* UpcomingCollectionViewCell.swift in Sources */ = {isa = PBXBuildFile; fileRef = CAB271BB287F3B5E00A34035 /* UpcomingCollectionViewCell.swift */; };
		CAB271BE287F3F0300A34035 /* DetailsViewController.swift in Sources */ = {isa = PBXBuildFile; fileRef = CAB271BD287F3F0300A34035 /* DetailsViewController.swift */; };
		CAB271C0287F47E400A34035 /* FeaturedViewController+UICollectionViewDelegate.swift in Sources */ = {isa = PBXBuildFile; fileRef = CAB271BF287F47E400A34035 /* FeaturedViewController+UICollectionViewDelegate.swift */; };
		CAB271C22881E7DD00A34035 /* TMDB-Info.plist in Resources */ = {isa = PBXBuildFile; fileRef = CAB271C12881E7DD00A34035 /* TMDB-Info.plist */; };
		CAB271C42881EC5100A34035 /* Movie+API.swift in Sources */ = {isa = PBXBuildFile; fileRef = CAB271C32881EC5100A34035 /* Movie+API.swift */; };
		CAB271C62881F8D900A34035 /* MovieResponse.swift in Sources */ = {isa = PBXBuildFile; fileRef = CAB271C52881F8D900A34035 /* MovieResponse.swift */; };
/* End PBXBuildFile section */

/* Begin PBXFileReference section */
		CA3FB3DF2886F171002CFF29 /* PosterViewController.swift */ = {isa = PBXFileReference; lastKnownFileType = sourcecode.swift; path = PosterViewController.swift; sourceTree = "<group>"; };
		CA8898B12874B13F007E8CD5 /* La Pelicula.app */ = {isa = PBXFileReference; explicitFileType = wrapper.application; includeInIndex = 0; path = "La Pelicula.app"; sourceTree = BUILT_PRODUCTS_DIR; };
		CA8898B42874B13F007E8CD5 /* AppDelegate.swift */ = {isa = PBXFileReference; lastKnownFileType = sourcecode.swift; path = AppDelegate.swift; sourceTree = "<group>"; };
		CA8898B62874B13F007E8CD5 /* SceneDelegate.swift */ = {isa = PBXFileReference; lastKnownFileType = sourcecode.swift; path = SceneDelegate.swift; sourceTree = "<group>"; };
		CA8898B82874B13F007E8CD5 /* FeaturedViewController.swift */ = {isa = PBXFileReference; lastKnownFileType = sourcecode.swift; path = FeaturedViewController.swift; sourceTree = "<group>"; };
		CA8898BB2874B13F007E8CD5 /* Base */ = {isa = PBXFileReference; lastKnownFileType = file.storyboard; name = Base; path = Base.lproj/Main.storyboard; sourceTree = "<group>"; };
		CA8898BD2874B141007E8CD5 /* Assets.xcassets */ = {isa = PBXFileReference; lastKnownFileType = folder.assetcatalog; path = Assets.xcassets; sourceTree = "<group>"; };
		CA8898C02874B141007E8CD5 /* Base */ = {isa = PBXFileReference; lastKnownFileType = file.storyboard; name = Base; path = Base.lproj/LaunchScreen.storyboard; sourceTree = "<group>"; };
		CA8898C22874B141007E8CD5 /* Info.plist */ = {isa = PBXFileReference; lastKnownFileType = text.plist.xml; path = Info.plist; sourceTree = "<group>"; };
		CA983482287C980A00AC7278 /* PopularCollectionViewCell.swift */ = {isa = PBXFileReference; lastKnownFileType = sourcecode.swift; path = PopularCollectionViewCell.swift; sourceTree = "<group>"; };
		CA983484287C984A00AC7278 /* NowPlayingCollectionViewCell.swift */ = {isa = PBXFileReference; lastKnownFileType = sourcecode.swift; path = NowPlayingCollectionViewCell.swift; sourceTree = "<group>"; };
		CAB271AD287DEE4700A34035 /* Movie.swift */ = {isa = PBXFileReference; lastKnownFileType = sourcecode.swift; path = Movie.swift; sourceTree = "<group>"; };
		CAB271B9287E145000A34035 /* FeaturedViewController+UICollectionViewDataSource.swift */ = {isa = PBXFileReference; lastKnownFileType = sourcecode.swift; path = "FeaturedViewController+UICollectionViewDataSource.swift"; sourceTree = "<group>"; };
		CAB271BB287F3B5E00A34035 /* UpcomingCollectionViewCell.swift */ = {isa = PBXFileReference; lastKnownFileType = sourcecode.swift; path = UpcomingCollectionViewCell.swift; sourceTree = "<group>"; };
		CAB271BD287F3F0300A34035 /* DetailsViewController.swift */ = {isa = PBXFileReference; lastKnownFileType = sourcecode.swift; path = DetailsViewController.swift; sourceTree = "<group>"; };
		CAB271BF287F47E400A34035 /* FeaturedViewController+UICollectionViewDelegate.swift */ = {isa = PBXFileReference; lastKnownFileType = sourcecode.swift; path = "FeaturedViewController+UICollectionViewDelegate.swift"; sourceTree = "<group>"; };
		CAB271C12881E7DD00A34035 /* TMDB-Info.plist */ = {isa = PBXFileReference; lastKnownFileType = text.plist.xml; path = "TMDB-Info.plist"; sourceTree = "<group>"; };
		CAB271C32881EC5100A34035 /* Movie+API.swift */ = {isa = PBXFileReference; fileEncoding = 4; lastKnownFileType = sourcecode.swift; path = "Movie+API.swift"; sourceTree = "<group>"; };
		CAB271C52881F8D900A34035 /* MovieResponse.swift */ = {isa = PBXFileReference; lastKnownFileType = sourcecode.swift; path = MovieResponse.swift; sourceTree = "<group>"; };
/* End PBXFileReference section */

/* Begin PBXFrameworksBuildPhase section */
		CA8898AE2874B13F007E8CD5 /* Frameworks */ = {
			isa = PBXFrameworksBuildPhase;
			buildActionMask = 2147483647;
			files = (
			);
			runOnlyForDeploymentPostprocessing = 0;
		};
/* End PBXFrameworksBuildPhase section */

/* Begin PBXGroup section */
		CA8898A82874B13F007E8CD5 = {
			isa = PBXGroup;
			children = (
				CA8898B32874B13F007E8CD5 /* La Pelicula */,
				CA8898B22874B13F007E8CD5 /* Products */,
			);
			sourceTree = "<group>";
		};
		CA8898B22874B13F007E8CD5 /* Products */ = {
			isa = PBXGroup;
			children = (
				CA8898B12874B13F007E8CD5 /* La Pelicula.app */,
			);
			name = Products;
			sourceTree = "<group>";
		};
		CA8898B32874B13F007E8CD5 /* La Pelicula */ = {
			isa = PBXGroup;
			children = (
				CA8898B42874B13F007E8CD5 /* AppDelegate.swift */,
				CA8898B62874B13F007E8CD5 /* SceneDelegate.swift */,
				CAB271AC287DEDF200A34035 /* Model */,
				CA983487287C9A1100AC7278 /* Controllers */,
				CA983486287C99FA00AC7278 /* View */,
				CA983488287CA0AF00AC7278 /* SupportingFiles */,
				CA8898C22874B141007E8CD5 /* Info.plist */,
			);
			path = "La Pelicula";
			sourceTree = "<group>";
		};
		CA983486287C99FA00AC7278 /* View */ = {
			isa = PBXGroup;
			children = (
				CA8898BA2874B13F007E8CD5 /* Main.storyboard */,
				CA8898BF2874B141007E8CD5 /* LaunchScreen.storyboard */,
				CA983482287C980A00AC7278 /* PopularCollectionViewCell.swift */,
				CA983484287C984A00AC7278 /* NowPlayingCollectionViewCell.swift */,
				CAB271BB287F3B5E00A34035 /* UpcomingCollectionViewCell.swift */,
			);
			path = View;
			sourceTree = "<group>";
		};
		CA983487287C9A1100AC7278 /* Controllers */ = {
			isa = PBXGroup;
			children = (
				CA8898B82874B13F007E8CD5 /* FeaturedViewController.swift */,
				CAB271B9287E145000A34035 /* FeaturedViewController+UICollectionViewDataSource.swift */,
				CAB271BF287F47E400A34035 /* FeaturedViewController+UICollectionViewDelegate.swift */,
				CAB271BD287F3F0300A34035 /* DetailsViewController.swift */,
				CA3FB3DF2886F171002CFF29 /* PosterViewController.swift */,
			);
			path = Controllers;
			sourceTree = "<group>";
		};
		CA983488287CA0AF00AC7278 /* SupportingFiles */ = {
			isa = PBXGroup;
			children = (
				CA8898BD2874B141007E8CD5 /* Assets.xcassets */,
				CAB271C12881E7DD00A34035 /* TMDB-Info.plist */,
			);
			path = SupportingFiles;
			sourceTree = "<group>";
		};
		CAB271AC287DEDF200A34035 /* Model */ = {
			isa = PBXGroup;
			children = (
				CAB271AD287DEE4700A34035 /* Movie.swift */,
				CAB271C32881EC5100A34035 /* Movie+API.swift */,
				CAB271C52881F8D900A34035 /* MovieResponse.swift */,
			);
			path = Model;
			sourceTree = "<group>";
		};
/* End PBXGroup section */

/* Begin PBXNativeTarget section */
		CA8898B02874B13F007E8CD5 /* La Pelicula */ = {
			isa = PBXNativeTarget;
			buildConfigurationList = CA8898C52874B141007E8CD5 /* Build configuration list for PBXNativeTarget "La Pelicula" */;
			buildPhases = (
				CA8898AD2874B13F007E8CD5 /* Sources */,
				CA8898AE2874B13F007E8CD5 /* Frameworks */,
				CA8898AF2874B13F007E8CD5 /* Resources */,
			);
			buildRules = (
			);
			dependencies = (
			);
			name = "La Pelicula";
			productName = "La Pelicula";
			productReference = CA8898B12874B13F007E8CD5 /* La Pelicula.app */;
			productType = "com.apple.product-type.application";
		};
/* End PBXNativeTarget section */

/* Begin PBXProject section */
		CA8898A92874B13F007E8CD5 /* Project object */ = {
			isa = PBXProject;
			attributes = {
				BuildIndependentTargetsInParallel = 1;
				LastSwiftUpdateCheck = 1340;
				LastUpgradeCheck = 1340;
				TargetAttributes = {
					CA8898B02874B13F007E8CD5 = {
						CreatedOnToolsVersion = 13.4.1;
					};
				};
			};
			buildConfigurationList = CA8898AC2874B13F007E8CD5 /* Build configuration list for PBXProject "La Pelicula" */;
			compatibilityVersion = "Xcode 13.0";
			developmentRegion = en;
			hasScannedForEncodings = 0;
			knownRegions = (
				en,
				Base,
			);
			mainGroup = CA8898A82874B13F007E8CD5;
			productRefGroup = CA8898B22874B13F007E8CD5 /* Products */;
			projectDirPath = "";
			projectRoot = "";
			targets = (
				CA8898B02874B13F007E8CD5 /* La Pelicula */,
			);
		};
/* End PBXProject section */

/* Begin PBXResourcesBuildPhase section */
		CA8898AF2874B13F007E8CD5 /* Resources */ = {
			isa = PBXResourcesBuildPhase;
			buildActionMask = 2147483647;
			files = (
				CA8898C12874B141007E8CD5 /* LaunchScreen.storyboard in Resources */,
				CAB271C22881E7DD00A34035 /* TMDB-Info.plist in Resources */,
				CA8898BE2874B141007E8CD5 /* Assets.xcassets in Resources */,
				CA8898BC2874B13F007E8CD5 /* Main.storyboard in Resources */,
			);
			runOnlyForDeploymentPostprocessing = 0;
		};
/* End PBXResourcesBuildPhase section */

/* Begin PBXSourcesBuildPhase section */
		CA8898AD2874B13F007E8CD5 /* Sources */ = {
			isa = PBXSourcesBuildPhase;
			buildActionMask = 2147483647;
			files = (
				CA983485287C984A00AC7278 /* NowPlayingCollectionViewCell.swift in Sources */,
				CA983483287C980A00AC7278 /* PopularCollectionViewCell.swift in Sources */,
				CAB271BC287F3B5E00A34035 /* UpcomingCollectionViewCell.swift in Sources */,
				CAB271BA287E145000A34035 /* FeaturedViewController+UICollectionViewDataSource.swift in Sources */,
				CAB271AE287DEE4700A34035 /* Movie.swift in Sources */,
				CA8898B92874B13F007E8CD5 /* FeaturedViewController.swift in Sources */,
				CA8898B52874B13F007E8CD5 /* AppDelegate.swift in Sources */,
				CA3FB3E02886F171002CFF29 /* PosterViewController.swift in Sources */,
				CAB271C0287F47E400A34035 /* FeaturedViewController+UICollectionViewDelegate.swift in Sources */,
				CAB271BE287F3F0300A34035 /* DetailsViewController.swift in Sources */,
				CAB271C62881F8D900A34035 /* MovieResponse.swift in Sources */,
				CA8898B72874B13F007E8CD5 /* SceneDelegate.swift in Sources */,
				CAB271C42881EC5100A34035 /* Movie+API.swift in Sources */,
			);
			runOnlyForDeploymentPostprocessing = 0;
		};
/* End PBXSourcesBuildPhase section */

/* Begin PBXVariantGroup section */
		CA8898BA2874B13F007E8CD5 /* Main.storyboard */ = {
			isa = PBXVariantGroup;
			children = (
				CA8898BB2874B13F007E8CD5 /* Base */,
			);
			name = Main.storyboard;
			sourceTree = "<group>";
		};
		CA8898BF2874B141007E8CD5 /* LaunchScreen.storyboard */ = {
			isa = PBXVariantGroup;
			children = (
				CA8898C02874B141007E8CD5 /* Base */,
			);
			name = LaunchScreen.storyboard;
			sourceTree = "<group>";
		};
/* End PBXVariantGroup section */

/* Begin XCBuildConfiguration section */
		CA8898C32874B141007E8CD5 /* Debug */ = {
			isa = XCBuildConfiguration;
			buildSettings = {
				ALWAYS_SEARCH_USER_PATHS = NO;
				CLANG_ANALYZER_NONNULL = YES;
				CLANG_ANALYZER_NUMBER_OBJECT_CONVERSION = YES_AGGRESSIVE;
				CLANG_CXX_LANGUAGE_STANDARD = "gnu++17";
				CLANG_ENABLE_MODULES = YES;
				CLANG_ENABLE_OBJC_ARC = YES;
				CLANG_ENABLE_OBJC_WEAK = YES;
				CLANG_WARN_BLOCK_CAPTURE_AUTORELEASING = YES;
				CLANG_WARN_BOOL_CONVERSION = YES;
				CLANG_WARN_COMMA = YES;
				CLANG_WARN_CONSTANT_CONVERSION = YES;
				CLANG_WARN_DEPRECATED_OBJC_IMPLEMENTATIONS = YES;
				CLANG_WARN_DIRECT_OBJC_ISA_USAGE = YES_ERROR;
				CLANG_WARN_DOCUMENTATION_COMMENTS = YES;
				CLANG_WARN_EMPTY_BODY = YES;
				CLANG_WARN_ENUM_CONVERSION = YES;
				CLANG_WARN_INFINITE_RECURSION = YES;
				CLANG_WARN_INT_CONVERSION = YES;
				CLANG_WARN_NON_LITERAL_NULL_CONVERSION = YES;
				CLANG_WARN_OBJC_IMPLICIT_RETAIN_SELF = YES;
				CLANG_WARN_OBJC_LITERAL_CONVERSION = YES;
				CLANG_WARN_OBJC_ROOT_CLASS = YES_ERROR;
				CLANG_WARN_QUOTED_INCLUDE_IN_FRAMEWORK_HEADER = YES;
				CLANG_WARN_RANGE_LOOP_ANALYSIS = YES;
				CLANG_WARN_STRICT_PROTOTYPES = YES;
				CLANG_WARN_SUSPICIOUS_MOVE = YES;
				CLANG_WARN_UNGUARDED_AVAILABILITY = YES_AGGRESSIVE;
				CLANG_WARN_UNREACHABLE_CODE = YES;
				CLANG_WARN__DUPLICATE_METHOD_MATCH = YES;
				COPY_PHASE_STRIP = NO;
				DEBUG_INFORMATION_FORMAT = dwarf;
				ENABLE_STRICT_OBJC_MSGSEND = YES;
				ENABLE_TESTABILITY = YES;
				GCC_C_LANGUAGE_STANDARD = gnu11;
				GCC_DYNAMIC_NO_PIC = NO;
				GCC_NO_COMMON_BLOCKS = YES;
				GCC_OPTIMIZATION_LEVEL = 0;
				GCC_PREPROCESSOR_DEFINITIONS = (
					"DEBUG=1",
					"$(inherited)",
				);
				GCC_WARN_64_TO_32_BIT_CONVERSION = YES;
				GCC_WARN_ABOUT_RETURN_TYPE = YES_ERROR;
				GCC_WARN_UNDECLARED_SELECTOR = YES;
				GCC_WARN_UNINITIALIZED_AUTOS = YES_AGGRESSIVE;
				GCC_WARN_UNUSED_FUNCTION = YES;
				GCC_WARN_UNUSED_VARIABLE = YES;
				IPHONEOS_DEPLOYMENT_TARGET = 15.5;
				MTL_ENABLE_DEBUG_INFO = INCLUDE_SOURCE;
				MTL_FAST_MATH = YES;
				ONLY_ACTIVE_ARCH = YES;
				SDKROOT = iphoneos;
				SWIFT_ACTIVE_COMPILATION_CONDITIONS = DEBUG;
				SWIFT_OPTIMIZATION_LEVEL = "-Onone";
			};
			name = Debug;
		};
		CA8898C42874B141007E8CD5 /* Release */ = {
			isa = XCBuildConfiguration;
			buildSettings = {
				ALWAYS_SEARCH_USER_PATHS = NO;
				CLANG_ANALYZER_NONNULL = YES;
				CLANG_ANALYZER_NUMBER_OBJECT_CONVERSION = YES_AGGRESSIVE;
				CLANG_CXX_LANGUAGE_STANDARD = "gnu++17";
				CLANG_ENABLE_MODULES = YES;
				CLANG_ENABLE_OBJC_ARC = YES;
				CLANG_ENABLE_OBJC_WEAK = YES;
				CLANG_WARN_BLOCK_CAPTURE_AUTORELEASING = YES;
				CLANG_WARN_BOOL_CONVERSION = YES;
				CLANG_WARN_COMMA = YES;
				CLANG_WARN_CONSTANT_CONVERSION = YES;
				CLANG_WARN_DEPRECATED_OBJC_IMPLEMENTATIONS = YES;
				CLANG_WARN_DIRECT_OBJC_ISA_USAGE = YES_ERROR;
				CLANG_WARN_DOCUMENTATION_COMMENTS = YES;
				CLANG_WARN_EMPTY_BODY = YES;
				CLANG_WARN_ENUM_CONVERSION = YES;
				CLANG_WARN_INFINITE_RECURSION = YES;
				CLANG_WARN_INT_CONVERSION = YES;
				CLANG_WARN_NON_LITERAL_NULL_CONVERSION = YES;
				CLANG_WARN_OBJC_IMPLICIT_RETAIN_SELF = YES;
				CLANG_WARN_OBJC_LITERAL_CONVERSION = YES;
				CLANG_WARN_OBJC_ROOT_CLASS = YES_ERROR;
				CLANG_WARN_QUOTED_INCLUDE_IN_FRAMEWORK_HEADER = YES;
				CLANG_WARN_RANGE_LOOP_ANALYSIS = YES;
				CLANG_WARN_STRICT_PROTOTYPES = YES;
				CLANG_WARN_SUSPICIOUS_MOVE = YES;
				CLANG_WARN_UNGUARDED_AVAILABILITY = YES_AGGRESSIVE;
				CLANG_WARN_UNREACHABLE_CODE = YES;
				CLANG_WARN__DUPLICATE_METHOD_MATCH = YES;
				COPY_PHASE_STRIP = NO;
				DEBUG_INFORMATION_FORMAT = "dwarf-with-dsym";
				ENABLE_NS_ASSERTIONS = NO;
				ENABLE_STRICT_OBJC_MSGSEND = YES;
				GCC_C_LANGUAGE_STANDARD = gnu11;
				GCC_NO_COMMON_BLOCKS = YES;
				GCC_WARN_64_TO_32_BIT_CONVERSION = YES;
				GCC_WARN_ABOUT_RETURN_TYPE = YES_ERROR;
				GCC_WARN_UNDECLARED_SELECTOR = YES;
				GCC_WARN_UNINITIALIZED_AUTOS = YES_AGGRESSIVE;
				GCC_WARN_UNUSED_FUNCTION = YES;
				GCC_WARN_UNUSED_VARIABLE = YES;
				IPHONEOS_DEPLOYMENT_TARGET = 15.5;
				MTL_ENABLE_DEBUG_INFO = NO;
				MTL_FAST_MATH = YES;
				SDKROOT = iphoneos;
				SWIFT_COMPILATION_MODE = wholemodule;
				SWIFT_OPTIMIZATION_LEVEL = "-O";
				VALIDATE_PRODUCT = YES;
			};
			name = Release;
		};
		CA8898C62874B141007E8CD5 /* Debug */ = {
			isa = XCBuildConfiguration;
			buildSettings = {
				ASSETCATALOG_COMPILER_APPICON_NAME = AppIcon;
				ASSETCATALOG_COMPILER_GLOBAL_ACCENT_COLOR_NAME = AccentColor;
				CODE_SIGN_STYLE = Automatic;
				CURRENT_PROJECT_VERSION = 1;
				DEVELOPMENT_TEAM = CMWHQAT5B4;
				GENERATE_INFOPLIST_FILE = YES;
				INFOPLIST_FILE = "La Pelicula/Info.plist";
				INFOPLIST_KEY_UIApplicationSupportsIndirectInputEvents = YES;
				INFOPLIST_KEY_UILaunchStoryboardName = LaunchScreen;
				INFOPLIST_KEY_UIMainStoryboardFile = Main;
				INFOPLIST_KEY_UISupportedInterfaceOrientations_iPad = "UIInterfaceOrientationPortrait UIInterfaceOrientationPortraitUpsideDown UIInterfaceOrientationLandscapeLeft UIInterfaceOrientationLandscapeRight";
				INFOPLIST_KEY_UISupportedInterfaceOrientations_iPhone = "UIInterfaceOrientationPortrait UIInterfaceOrientationLandscapeLeft UIInterfaceOrientationLandscapeRight";
				LD_RUNPATH_SEARCH_PATHS = (
					"$(inherited)",
					"@executable_path/Frameworks",
				);
				MARKETING_VERSION = 1.0;
				PRODUCT_BUNDLE_IDENTIFIER = "br.ufpe.cin.academy.gfrm.La-Pelicula";
				PRODUCT_NAME = "$(TARGET_NAME)";
				SWIFT_EMIT_LOC_STRINGS = YES;
				SWIFT_VERSION = 5.0;
				TARGETED_DEVICE_FAMILY = "1,2";
			};
			name = Debug;
		};
		CA8898C72874B141007E8CD5 /* Release */ = {
			isa = XCBuildConfiguration;
			buildSettings = {
				ASSETCATALOG_COMPILER_APPICON_NAME = AppIcon;
				ASSETCATALOG_COMPILER_GLOBAL_ACCENT_COLOR_NAME = AccentColor;
				CODE_SIGN_STYLE = Automatic;
				CURRENT_PROJECT_VERSION = 1;
				DEVELOPMENT_TEAM = CMWHQAT5B4;
				GENERATE_INFOPLIST_FILE = YES;
				INFOPLIST_FILE = "La Pelicula/Info.plist";
				INFOPLIST_KEY_UIApplicationSupportsIndirectInputEvents = YES;
				INFOPLIST_KEY_UILaunchStoryboardName = LaunchScreen;
				INFOPLIST_KEY_UIMainStoryboardFile = Main;
				INFOPLIST_KEY_UISupportedInterfaceOrientations_iPad = "UIInterfaceOrientationPortrait UIInterfaceOrientationPortraitUpsideDown UIInterfaceOrientationLandscapeLeft UIInterfaceOrientationLandscapeRight";
				INFOPLIST_KEY_UISupportedInterfaceOrientations_iPhone = "UIInterfaceOrientationPortrait UIInterfaceOrientationLandscapeLeft UIInterfaceOrientationLandscapeRight";
				LD_RUNPATH_SEARCH_PATHS = (
					"$(inherited)",
					"@executable_path/Frameworks",
				);
				MARKETING_VERSION = 1.0;
				PRODUCT_BUNDLE_IDENTIFIER = "br.ufpe.cin.academy.gfrm.La-Pelicula";
				PRODUCT_NAME = "$(TARGET_NAME)";
				SWIFT_EMIT_LOC_STRINGS = YES;
				SWIFT_VERSION = 5.0;
				TARGETED_DEVICE_FAMILY = "1,2";
			};
			name = Release;
		};
/* End XCBuildConfiguration section */

/* Begin XCConfigurationList section */
		CA8898AC2874B13F007E8CD5 /* Build configuration list for PBXProject "La Pelicula" */ = {
			isa = XCConfigurationList;
			buildConfigurations = (
				CA8898C32874B141007E8CD5 /* Debug */,
				CA8898C42874B141007E8CD5 /* Release */,
			);
			defaultConfigurationIsVisible = 0;
			defaultConfigurationName = Release;
		};
		CA8898C52874B141007E8CD5 /* Build configuration list for PBXNativeTarget "La Pelicula" */ = {
			isa = XCConfigurationList;
			buildConfigurations = (
				CA8898C62874B141007E8CD5 /* Debug */,
				CA8898C72874B141007E8CD5 /* Release */,
			);
			defaultConfigurationIsVisible = 0;
			defaultConfigurationName = Release;
		};
/* End XCConfigurationList section */
	};
	rootObject = CA8898A92874B13F007E8CD5 /* Project object */;
}
